
Microsoft Visual Studio Solution File, Format Version 12.00
# Visual Studio Version 17
VisualStudioVersion = 17.11.35327.3
MinimumVisualStudioVersion = 10.0.40219.1
Project("{FAE04EC0-301F-11D3-BF4B-00C04F79EFBC}") = "WebApiMigration", "WebApiMigration\WebApiMigration.csproj", "{29B38B95-7570-4717-AEA6-4687681ADBAD}"
EndProject
Global
	GlobalSection(SolutionConfigurationPlatforms) = preSolution
		Debug|Any CPU = Debug|Any CPU
		Release|Any CPU = Release|Any CPU
	EndGlobalSection
	GlobalSection(ProjectConfigurationPlatforms) = postSolution
		{29B38B95-7570-4717-AEA6-4687681ADBAD}.Debug|Any CPU.ActiveCfg = Debug|Any CPU
		{29B38B95-7570-4717-AEA6-4687681ADBAD}.Debug|Any CPU.Build.0 = Debug|Any CPU
		{29B38B95-7570-4717-AEA6-4687681ADBAD}.Release|Any CPU.ActiveCfg = Release|Any CPU
		{29B38B95-7570-4717-AEA6-4687681ADBAD}.Release|Any CPU.Build.0 = Release|Any CPU
	EndGlobalSection
	GlobalSection(SolutionProperties) = preSolution
		HideSolutionNode = FALSE
	EndGlobalSection
	GlobalSection(ExtensibilityGlobals) = postSolution
		SolutionGuid = {9E54ED63-BDEC-4C19-82D9-21163637D9A1}
	EndGlobalSection
EndGlobal
