
Microsoft Visual Studio Solution File, Format Version 12.00
# Visual Studio Version 17
VisualStudioVersion = 17.11.35327.3
MinimumVisualStudioVersion = 10.0.40219.1
Project("{FAE04EC0-301F-11D3-BF4B-00C04F79EFBC}") = "WebApiServices", "WebApiServices\WebApiServices.csproj", "{EB7BCC22-B1B9-47CB-B294-9003FF3F0DB4}"
EndProject
Global
	GlobalSection(SolutionConfigurationPlatforms) = preSolution
		Debug|Any CPU = Debug|Any CPU
		Release|Any CPU = Release|Any CPU
	EndGlobalSection
	GlobalSection(ProjectConfigurationPlatforms) = postSolution
		{EB7BCC22-B1B9-47CB-B294-9003FF3F0DB4}.Debug|Any CPU.ActiveCfg = Debug|Any CPU
		{EB7BCC22-B1B9-47CB-B294-9003FF3F0DB4}.Debug|Any CPU.Build.0 = Debug|Any CPU
		{EB7BCC22-B1B9-47CB-B294-9003FF3F0DB4}.Release|Any CPU.ActiveCfg = Release|Any CPU
		{EB7BCC22-B1B9-47CB-B294-9003FF3F0DB4}.Release|Any CPU.Build.0 = Release|Any CPU
	EndGlobalSection
	GlobalSection(SolutionProperties) = preSolution
		HideSolutionNode = FALSE
	EndGlobalSection
	GlobalSection(ExtensibilityGlobals) = postSolution
		SolutionGuid = {B709C980-4B2A-462C-AF5F-B8B6E9879383}
	EndGlobalSection
EndGlobal
