
Microsoft Visual Studio Solution File, Format Version 12.00
# Visual Studio Version 17
VisualStudioVersion = 17.11.35327.3
MinimumVisualStudioVersion = 10.0.40219.1
Project("{FAE04EC0-301F-11D3-BF4B-00C04F79EFBC}") = "WebApiDemo11", "WebApiDemo11\WebApiDemo11.csproj", "{09209CAD-67FB-44AD-91A6-DA49EEF3B9A6}"
EndProject
Global
	GlobalSection(SolutionConfigurationPlatforms) = preSolution
		Debug|Any CPU = Debug|Any CPU
		Release|Any CPU = Release|Any CPU
	EndGlobalSection
	GlobalSection(ProjectConfigurationPlatforms) = postSolution
		{09209CAD-67FB-44AD-91A6-DA49EEF3B9A6}.Debug|Any CPU.ActiveCfg = Debug|Any CPU
		{09209CAD-67FB-44AD-91A6-DA49EEF3B9A6}.Debug|Any CPU.Build.0 = Debug|Any CPU
		{09209CAD-67FB-44AD-91A6-DA49EEF3B9A6}.Release|Any CPU.ActiveCfg = Release|Any CPU
		{09209CAD-67FB-44AD-91A6-DA49EEF3B9A6}.Release|Any CPU.Build.0 = Release|Any CPU
	EndGlobalSection
	GlobalSection(SolutionProperties) = preSolution
		HideSolutionNode = FALSE
	EndGlobalSection
	GlobalSection(ExtensibilityGlobals) = postSolution
		SolutionGuid = {14E3BA8B-3541-409D-A9FF-685148E37047}
	EndGlobalSection
EndGlobal
